
Microsoft Visual Studio Solution File, Format Version 12.00
# Visual Studio Version 17
VisualStudioVersion = 17.7.34202.233
MinimumVisualStudioVersion = 10.0.40219.1
Project("{FAE04EC0-301F-11D3-BF4B-00C04F79EFBC}") = "Data.Dormitory", "Data.Dormitory\Data.Dormitory.csproj", "{8D61908D-6CDE-424D-A8CA-CA99772FD7F5}"
EndProject
Project("{FAE04EC0-301F-11D3-BF4B-00C04F79EFBC}") = "API.Dormitory", "API.Dormitory\API.Dormitory.csproj", "{381CF166-014E-4F44-8E39-875A87041120}"
EndProject
Project("{FAE04EC0-301F-11D3-BF4B-00C04F79EFBC}") = "Web.Dormitory", "Web.Dormitory\Web.Dormitory.csproj", "{FBB937E5-6641-4E01-9B1D-EC142A5D9376}"
EndProject
Global
	GlobalSection(SolutionConfigurationPlatforms) = preSolution
		Debug|Any CPU = Debug|Any CPU
		Release|Any CPU = Release|Any CPU
	EndGlobalSection
	GlobalSection(ProjectConfigurationPlatforms) = postSolution
		{8D61908D-6CDE-424D-A8CA-CA99772FD7F5}.Debug|Any CPU.ActiveCfg = Debug|Any CPU
		{8D61908D-6CDE-424D-A8CA-CA99772FD7F5}.Debug|Any CPU.Build.0 = Debug|Any CPU
		{8D61908D-6CDE-424D-A8CA-CA99772FD7F5}.Release|Any CPU.ActiveCfg = Release|Any CPU
		{8D61908D-6CDE-424D-A8CA-CA99772FD7F5}.Release|Any CPU.Build.0 = Release|Any CPU
		{381CF166-014E-4F44-8E39-875A87041120}.Debug|Any CPU.ActiveCfg = Debug|Any CPU
		{381CF166-014E-4F44-8E39-875A87041120}.Debug|Any CPU.Build.0 = Debug|Any CPU
		{381CF166-014E-4F44-8E39-875A87041120}.Release|Any CPU.ActiveCfg = Release|Any CPU
		{381CF166-014E-4F44-8E39-875A87041120}.Release|Any CPU.Build.0 = Release|Any CPU
		{FBB937E5-6641-4E01-9B1D-EC142A5D9376}.Debug|Any CPU.ActiveCfg = Debug|Any CPU
		{FBB937E5-6641-4E01-9B1D-EC142A5D9376}.Debug|Any CPU.Build.0 = Debug|Any CPU
		{FBB937E5-6641-4E01-9B1D-EC142A5D9376}.Release|Any CPU.ActiveCfg = Release|Any CPU
		{FBB937E5-6641-4E01-9B1D-EC142A5D9376}.Release|Any CPU.Build.0 = Release|Any CPU
	EndGlobalSection
	GlobalSection(SolutionProperties) = preSolution
		HideSolutionNode = FALSE
	EndGlobalSection
	GlobalSection(ExtensibilityGlobals) = postSolution
		SolutionGuid = {7F3805EE-1955-4588-B414-467F56EA6221}
	EndGlobalSection
EndGlobal
